
Microsoft Visual Studio Solution File, Format Version 12.00
# Visual Studio 15
VisualStudioVersion = 15.0.26228.9
MinimumVisualStudioVersion = 10.0.40219.1
Project("{9A19103F-16F7-4668-BE54-9A1E7A4F7556}") = "DartCounter", "DartCounter.csproj", "{626B265C-DE7D-4EBA-8251-F831A19F5CAE}"
EndProject
Global
	GlobalSection(SolutionConfigurationPlatforms) = preSolution
		Debug|Any CPU = Debug|Any CPU
		Release|Any CPU = Release|Any CPU
	EndGlobalSection
	GlobalSection(ProjectConfigurationPlatforms) = postSolution
		{626B265C-DE7D-4EBA-8251-F831A19F5CAE}.Debug|Any CPU.ActiveCfg = Debug|Any CPU
		{626B265C-DE7D-4EBA-8251-F831A19F5CAE}.Debug|Any CPU.Build.0 = Debug|Any CPU
		{626B265C-DE7D-4EBA-8251-F831A19F5CAE}.Release|Any CPU.ActiveCfg = Release|Any CPU
		{626B265C-DE7D-4EBA-8251-F831A19F5CAE}.Release|Any CPU.Build.0 = Release|Any CPU
	EndGlobalSection
	GlobalSection(SolutionProperties) = preSolution
		HideSolutionNode = FALSE
	EndGlobalSection
EndGlobal
